// !$*UTF8*$!
{
	archiveVersion = 1;
	classes = {
	};
	objectVersion = 46;
	objects = {

/* Begin PBXBuildFile section */
		55335C9E1E0B319B00C82127 /* CircleView.swift in Sources */ = {isa = PBXBuildFile; fileRef = 55335C9D1E0B319B00C82127 /* CircleView.swift */; };
		55335CA41E0CA9D500C82127 /* DataService.swift in Sources */ = {isa = PBXBuildFile; fileRef = 55335CA31E0CA9D500C82127 /* DataService.swift */; };
		5549EC601DFB50650073F73F /* GoogleService-Info.plist in Resources */ = {isa = PBXBuildFile; fileRef = 5549EC5F1DFB50650073F73F /* GoogleService-Info.plist */; };
		554AF7D51DF0FA7B00AA014C /* GeoFire.m in Sources */ = {isa = PBXBuildFile; fileRef = 554AF7CC1DF0FA7B00AA014C /* GeoFire.m */; };
		554AF7D61DF0FA7B00AA014C /* GFBase32Utils.m in Sources */ = {isa = PBXBuildFile; fileRef = 554AF7CE1DF0FA7B00AA014C /* GFBase32Utils.m */; };
		554AF7D71DF0FA7B00AA014C /* GFGeoHash.m in Sources */ = {isa = PBXBuildFile; fileRef = 554AF7D01DF0FA7B00AA014C /* GFGeoHash.m */; };
		554AF7D81DF0FA7B00AA014C /* GFGeoHashQuery.m in Sources */ = {isa = PBXBuildFile; fileRef = 554AF7D21DF0FA7B00AA014C /* GFGeoHashQuery.m */; };
		554AF7D91DF0FA7B00AA014C /* GFQuery.m in Sources */ = {isa = PBXBuildFile; fileRef = 554AF7D41DF0FA7B00AA014C /* GFQuery.m */; };
		555D78F31DF895B700EBFF12 /* SignInVC.swift in Sources */ = {isa = PBXBuildFile; fileRef = 555D78F21DF895B700EBFF12 /* SignInVC.swift */; };
		556490BF1DC19B5800193459 /* MapVC.swift in Sources */ = {isa = PBXBuildFile; fileRef = 556490BE1DC19B5800193459 /* MapVC.swift */; };
		556490C31DC1A9D800193459 /* FeedCell.swift in Sources */ = {isa = PBXBuildFile; fileRef = 556490C21DC1A9D800193459 /* FeedCell.swift */; };
		55755EED1DB19451006FCBE8 /* AppDelegate.swift in Sources */ = {isa = PBXBuildFile; fileRef = 55755EEC1DB19451006FCBE8 /* AppDelegate.swift */; };
		55755EEF1DB19451006FCBE8 /* VenueVC.swift in Sources */ = {isa = PBXBuildFile; fileRef = 55755EEE1DB19451006FCBE8 /* VenueVC.swift */; };
		55755EF21DB19451006FCBE8 /* Main.storyboard in Resources */ = {isa = PBXBuildFile; fileRef = 55755EF01DB19451006FCBE8 /* Main.storyboard */; };
		55755EF51DB19451006FCBE8 /* Nite_Owl_2_0.xcdatamodeld in Sources */ = {isa = PBXBuildFile; fileRef = 55755EF31DB19451006FCBE8 /* Nite_Owl_2_0.xcdatamodeld */; };
		55755EF71DB19451006FCBE8 /* Assets.xcassets in Resources */ = {isa = PBXBuildFile; fileRef = 55755EF61DB19451006FCBE8 /* Assets.xcassets */; };
		55755EFA1DB19451006FCBE8 /* LaunchScreen.storyboard in Resources */ = {isa = PBXBuildFile; fileRef = 55755EF81DB19451006FCBE8 /* LaunchScreen.storyboard */; };
		55E5D1361E133D0100FCA77C /* Post.swift in Sources */ = {isa = PBXBuildFile; fileRef = 55E5D1351E133D0100FCA77C /* Post.swift */; };
		55ECAE141DF8BF87003EC018 /* FancyView.swift in Sources */ = {isa = PBXBuildFile; fileRef = 55ECAE131DF8BF87003EC018 /* FancyView.swift */; };
		55ECAE171DF8BFDA003EC018 /* Constants.swift in Sources */ = {isa = PBXBuildFile; fileRef = 55ECAE161DF8BFDA003EC018 /* Constants.swift */; };
		55ECAE191DF8C064003EC018 /* FancyField.swift in Sources */ = {isa = PBXBuildFile; fileRef = 55ECAE181DF8C064003EC018 /* FancyField.swift */; };
		55ECAE1B1DF8C131003EC018 /* RoundBtn.swift in Sources */ = {isa = PBXBuildFile; fileRef = 55ECAE1A1DF8C131003EC018 /* RoundBtn.swift */; };
		55ECAE1D1DF8C1E7003EC018 /* FancyButton.swift in Sources */ = {isa = PBXBuildFile; fileRef = 55ECAE1C1DF8C1E7003EC018 /* FancyButton.swift */; };
		88345AB02F1793B79D241749 /* Pods_Nite_Owl_2_0.framework in Frameworks */ = {isa = PBXBuildFile; fileRef = 1F8F24BFA0CD5A7A22AC1E8C /* Pods_Nite_Owl_2_0.framework */; };
/* End PBXBuildFile section */

/* Begin PBXFileReference section */
		1F8F24BFA0CD5A7A22AC1E8C /* Pods_Nite_Owl_2_0.framework */ = {isa = PBXFileReference; explicitFileType = wrapper.framework; includeInIndex = 0; path = Pods_Nite_Owl_2_0.framework; sourceTree = BUILT_PRODUCTS_DIR; };
		22EA7BF39E903664DEDFBAC5 /* Pods-Nite-Owl_2.0.debug.xcconfig */ = {isa = PBXFileReference; includeInIndex = 1; lastKnownFileType = text.xcconfig; name = "Pods-Nite-Owl_2.0.debug.xcconfig"; path = "Pods/Target Support Files/Pods-Nite-Owl_2.0/Pods-Nite-Owl_2.0.debug.xcconfig"; sourceTree = "<group>"; };
		55335C9D1E0B319B00C82127 /* CircleView.swift */ = {isa = PBXFileReference; fileEncoding = 4; lastKnownFileType = sourcecode.swift; path = CircleView.swift; sourceTree = "<group>"; };
		55335CA31E0CA9D500C82127 /* DataService.swift */ = {isa = PBXFileReference; fileEncoding = 4; lastKnownFileType = sourcecode.swift; path = DataService.swift; sourceTree = "<group>"; };
		5549EC5F1DFB50650073F73F /* GoogleService-Info.plist */ = {isa = PBXFileReference; fileEncoding = 4; lastKnownFileType = text.plist.xml; path = "GoogleService-Info.plist"; sourceTree = "<group>"; };
		5549EC611DFB55A80073F73F /* Nite-Owl_2.0.entitlements */ = {isa = PBXFileReference; lastKnownFileType = text.plist.entitlements; path = "Nite-Owl_2.0.entitlements"; sourceTree = "<group>"; };
		554AF7C51DF0FA7B00AA014C /* GeoFire.h */ = {isa = PBXFileReference; fileEncoding = 4; lastKnownFileType = sourcecode.c.h; path = GeoFire.h; sourceTree = "<group>"; };
		554AF7C61DF0FA7B00AA014C /* GFCircleQuery.h */ = {isa = PBXFileReference; fileEncoding = 4; lastKnownFileType = sourcecode.c.h; path = GFCircleQuery.h; sourceTree = "<group>"; };
		554AF7C71DF0FA7B00AA014C /* GFQuery.h */ = {isa = PBXFileReference; fileEncoding = 4; lastKnownFileType = sourcecode.c.h; path = GFQuery.h; sourceTree = "<group>"; };
		554AF7C81DF0FA7B00AA014C /* GFRegionQuery.h */ = {isa = PBXFileReference; fileEncoding = 4; lastKnownFileType = sourcecode.c.h; path = GFRegionQuery.h; sourceTree = "<group>"; };
		554AF7C91DF0FA7B00AA014C /* GeoFire-Prefix.pch */ = {isa = PBXFileReference; fileEncoding = 4; lastKnownFileType = sourcecode.c.h; path = "GeoFire-Prefix.pch"; sourceTree = "<group>"; };
		554AF7CB1DF0FA7B00AA014C /* GeoFire+Private.h */ = {isa = PBXFileReference; fileEncoding = 4; lastKnownFileType = sourcecode.c.h; path = "GeoFire+Private.h"; sourceTree = "<group>"; };
		554AF7CC1DF0FA7B00AA014C /* GeoFire.m */ = {isa = PBXFileReference; fileEncoding = 4; lastKnownFileType = sourcecode.c.objc; path = GeoFire.m; sourceTree = "<group>"; };
		554AF7CD1DF0FA7B00AA014C /* GFBase32Utils.h */ = {isa = PBXFileReference; fileEncoding = 4; lastKnownFileType = sourcecode.c.h; path = GFBase32Utils.h; sourceTree = "<group>"; };
		554AF7CE1DF0FA7B00AA014C /* GFBase32Utils.m */ = {isa = PBXFileReference; fileEncoding = 4; lastKnownFileType = sourcecode.c.objc; path = GFBase32Utils.m; sourceTree = "<group>"; };
		554AF7CF1DF0FA7B00AA014C /* GFGeoHash.h */ = {isa = PBXFileReference; fileEncoding = 4; lastKnownFileType = sourcecode.c.h; path = GFGeoHash.h; sourceTree = "<group>"; };
		554AF7D01DF0FA7B00AA014C /* GFGeoHash.m */ = {isa = PBXFileReference; fileEncoding = 4; lastKnownFileType = sourcecode.c.objc; path = GFGeoHash.m; sourceTree = "<group>"; };
		554AF7D11DF0FA7B00AA014C /* GFGeoHashQuery.h */ = {isa = PBXFileReference; fileEncoding = 4; lastKnownFileType = sourcecode.c.h; path = GFGeoHashQuery.h; sourceTree = "<group>"; };
		554AF7D21DF0FA7B00AA014C /* GFGeoHashQuery.m */ = {isa = PBXFileReference; fileEncoding = 4; lastKnownFileType = sourcecode.c.objc; path = GFGeoHashQuery.m; sourceTree = "<group>"; };
		554AF7D31DF0FA7B00AA014C /* GFQuery+Private.h */ = {isa = PBXFileReference; fileEncoding = 4; lastKnownFileType = sourcecode.c.h; path = "GFQuery+Private.h"; sourceTree = "<group>"; };
		554AF7D41DF0FA7B00AA014C /* GFQuery.m */ = {isa = PBXFileReference; fileEncoding = 4; lastKnownFileType = sourcecode.c.objc; path = GFQuery.m; sourceTree = "<group>"; };
		554AF7DA1DF0FAD200AA014C /* NiteOwl-Bridging-Header.h */ = {isa = PBXFileReference; fileEncoding = 4; lastKnownFileType = sourcecode.c.h; path = "NiteOwl-Bridging-Header.h"; sourceTree = "<group>"; };
		555D78F21DF895B700EBFF12 /* SignInVC.swift */ = {isa = PBXFileReference; fileEncoding = 4; lastKnownFileType = sourcecode.swift; path = SignInVC.swift; sourceTree = "<group>"; };
		556490BE1DC19B5800193459 /* MapVC.swift */ = {isa = PBXFileReference; fileEncoding = 4; lastKnownFileType = sourcecode.swift; path = MapVC.swift; sourceTree = "<group>"; };
		556490C21DC1A9D800193459 /* FeedCell.swift */ = {isa = PBXFileReference; fileEncoding = 4; lastKnownFileType = sourcecode.swift; path = FeedCell.swift; sourceTree = "<group>"; };
		55755EE91DB19451006FCBE8 /* Nite-Owl_2.0.app */ = {isa = PBXFileReference; explicitFileType = wrapper.application; includeInIndex = 0; path = "Nite-Owl_2.0.app"; sourceTree = BUILT_PRODUCTS_DIR; };
		55755EEC1DB19451006FCBE8 /* AppDelegate.swift */ = {isa = PBXFileReference; lastKnownFileType = sourcecode.swift; path = AppDelegate.swift; sourceTree = "<group>"; };
		55755EEE1DB19451006FCBE8 /* VenueVC.swift */ = {isa = PBXFileReference; lastKnownFileType = sourcecode.swift; path = VenueVC.swift; sourceTree = "<group>"; };
		55755EF11DB19451006FCBE8 /* Base */ = {isa = PBXFileReference; lastKnownFileType = file.storyboard; name = Base; path = Base.lproj/Main.storyboard; sourceTree = "<group>"; };
		55755EF41DB19451006FCBE8 /* Nite_Owl_2_0.xcdatamodel */ = {isa = PBXFileReference; lastKnownFileType = wrapper.xcdatamodel; path = Nite_Owl_2_0.xcdatamodel; sourceTree = "<group>"; };
		55755EF61DB19451006FCBE8 /* Assets.xcassets */ = {isa = PBXFileReference; lastKnownFileType = folder.assetcatalog; path = Assets.xcassets; sourceTree = "<group>"; };
		55755EF91DB19451006FCBE8 /* Base */ = {isa = PBXFileReference; lastKnownFileType = file.storyboard; name = Base; path = Base.lproj/LaunchScreen.storyboard; sourceTree = "<group>"; };
		55755EFB1DB19451006FCBE8 /* Info.plist */ = {isa = PBXFileReference; lastKnownFileType = text.plist.xml; path = Info.plist; sourceTree = "<group>"; };
		55E5D1351E133D0100FCA77C /* Post.swift */ = {isa = PBXFileReference; fileEncoding = 4; lastKnownFileType = sourcecode.swift; path = Post.swift; sourceTree = "<group>"; };
		55ECAE131DF8BF87003EC018 /* FancyView.swift */ = {isa = PBXFileReference; fileEncoding = 4; lastKnownFileType = sourcecode.swift; path = FancyView.swift; sourceTree = "<group>"; };
		55ECAE161DF8BFDA003EC018 /* Constants.swift */ = {isa = PBXFileReference; fileEncoding = 4; lastKnownFileType = sourcecode.swift; path = Constants.swift; sourceTree = "<group>"; };
		55ECAE181DF8C064003EC018 /* FancyField.swift */ = {isa = PBXFileReference; fileEncoding = 4; lastKnownFileType = sourcecode.swift; path = FancyField.swift; sourceTree = "<group>"; };
		55ECAE1A1DF8C131003EC018 /* RoundBtn.swift */ = {isa = PBXFileReference; fileEncoding = 4; lastKnownFileType = sourcecode.swift; path = RoundBtn.swift; sourceTree = "<group>"; };
		55ECAE1C1DF8C1E7003EC018 /* FancyButton.swift */ = {isa = PBXFileReference; fileEncoding = 4; lastKnownFileType = sourcecode.swift; path = FancyButton.swift; sourceTree = "<group>"; };
		B3C6E270A690336E13C0462C /* Pods-Nite-Owl_2.0.release.xcconfig */ = {isa = PBXFileReference; includeInIndex = 1; lastKnownFileType = text.xcconfig; name = "Pods-Nite-Owl_2.0.release.xcconfig"; path = "Pods/Target Support Files/Pods-Nite-Owl_2.0/Pods-Nite-Owl_2.0.release.xcconfig"; sourceTree = "<group>"; };
/* End PBXFileReference section */

/* Begin PBXFrameworksBuildPhase section */
		55755EE61DB19451006FCBE8 /* Frameworks */ = {
			isa = PBXFrameworksBuildPhase;
			buildActionMask = 2147483647;
			files = (
				88345AB02F1793B79D241749 /* Pods_Nite_Owl_2_0.framework in Frameworks */,
			);
			runOnlyForDeploymentPostprocessing = 0;
		};
/* End PBXFrameworksBuildPhase section */

/* Begin PBXGroup section */
		55335CA21E0CA9C000C82127 /* Services */ = {
			isa = PBXGroup;
			children = (
				55335CA31E0CA9D500C82127 /* DataService.swift */,
			);
			name = Services;
			path = ..;
			sourceTree = "<group>";
		};
		554AF7C31DF0FA7B00AA014C /* GeoFire */ = {
			isa = PBXGroup;
			children = (
				554AF7C41DF0FA7B00AA014C /* API */,
				554AF7C91DF0FA7B00AA014C /* GeoFire-Prefix.pch */,
				554AF7CA1DF0FA7B00AA014C /* Implementation */,
			);
			name = GeoFire;
			path = "Nite-Owl_2.0/GeoFire";
			sourceTree = "<group>";
		};
		554AF7C41DF0FA7B00AA014C /* API */ = {
			isa = PBXGroup;
			children = (
				554AF7C51DF0FA7B00AA014C /* GeoFire.h */,
				554AF7C61DF0FA7B00AA014C /* GFCircleQuery.h */,
				554AF7C71DF0FA7B00AA014C /* GFQuery.h */,
				554AF7C81DF0FA7B00AA014C /* GFRegionQuery.h */,
			);
			path = API;
			sourceTree = "<group>";
		};
		554AF7CA1DF0FA7B00AA014C /* Implementation */ = {
			isa = PBXGroup;
			children = (
				554AF7CB1DF0FA7B00AA014C /* GeoFire+Private.h */,
				554AF7CC1DF0FA7B00AA014C /* GeoFire.m */,
				554AF7CD1DF0FA7B00AA014C /* GFBase32Utils.h */,
				554AF7CE1DF0FA7B00AA014C /* GFBase32Utils.m */,
				554AF7CF1DF0FA7B00AA014C /* GFGeoHash.h */,
				554AF7D01DF0FA7B00AA014C /* GFGeoHash.m */,
				554AF7D11DF0FA7B00AA014C /* GFGeoHashQuery.h */,
				554AF7D21DF0FA7B00AA014C /* GFGeoHashQuery.m */,
				554AF7D31DF0FA7B00AA014C /* GFQuery+Private.h */,
				554AF7D41DF0FA7B00AA014C /* GFQuery.m */,
			);
			path = Implementation;
			sourceTree = "<group>";
		};
		55755EE01DB19451006FCBE8 = {
			isa = PBXGroup;
			children = (
				55755EEB1DB19451006FCBE8 /* Nite-Owl_2.0 */,
				55755EEA1DB19451006FCBE8 /* Products */,
				554AF7C31DF0FA7B00AA014C /* GeoFire */,
				A89900C11D91908EEB8D3E10 /* Pods */,
				9C27AEF2D40528038FBE5086 /* Frameworks */,
			);
			sourceTree = "<group>";
		};
		55755EEA1DB19451006FCBE8 /* Products */ = {
			isa = PBXGroup;
			children = (
				55755EE91DB19451006FCBE8 /* Nite-Owl_2.0.app */,
			);
			name = Products;
			sourceTree = "<group>";
		};
		55755EEB1DB19451006FCBE8 /* Nite-Owl_2.0 */ = {
			isa = PBXGroup;
			children = (
				5549EC611DFB55A80073F73F /* Nite-Owl_2.0.entitlements */,
				55335CA21E0CA9C000C82127 /* Services */,
				55ECAE151DF8BFC6003EC018 /* Util */,
				55D7A4C31DB5526700EA1384 /* Controller */,
				55D7A4C21DB5526400EA1384 /* View */,
				55D7A4C11DB5525E00EA1384 /* Model */,
				55755EEC1DB19451006FCBE8 /* AppDelegate.swift */,
				55755EF01DB19451006FCBE8 /* Main.storyboard */,
				55755EF61DB19451006FCBE8 /* Assets.xcassets */,
				55755EF81DB19451006FCBE8 /* LaunchScreen.storyboard */,
				55755EFB1DB19451006FCBE8 /* Info.plist */,
				5549EC5F1DFB50650073F73F /* GoogleService-Info.plist */,
				554AF7DA1DF0FAD200AA014C /* NiteOwl-Bridging-Header.h */,
				55755EF31DB19451006FCBE8 /* Nite_Owl_2_0.xcdatamodeld */,
			);
			path = "Nite-Owl_2.0";
			sourceTree = "<group>";
		};
		55D7A4C11DB5525E00EA1384 /* Model */ = {
			isa = PBXGroup;
			children = (
				55E5D1351E133D0100FCA77C /* Post.swift */,
			);
			name = Model;
			sourceTree = "<group>";
		};
		55D7A4C21DB5526400EA1384 /* View */ = {
			isa = PBXGroup;
			children = (
				556490C21DC1A9D800193459 /* FeedCell.swift */,
				55ECAE131DF8BF87003EC018 /* FancyView.swift */,
				55ECAE181DF8C064003EC018 /* FancyField.swift */,
				55ECAE1A1DF8C131003EC018 /* RoundBtn.swift */,
				55ECAE1C1DF8C1E7003EC018 /* FancyButton.swift */,
				55335C9D1E0B319B00C82127 /* CircleView.swift */,
			);
			name = View;
			sourceTree = "<group>";
		};
		55D7A4C31DB5526700EA1384 /* Controller */ = {
			isa = PBXGroup;
			children = (
				55755EEE1DB19451006FCBE8 /* VenueVC.swift */,
				556490BE1DC19B5800193459 /* MapVC.swift */,
				555D78F21DF895B700EBFF12 /* SignInVC.swift */,
			);
			name = Controller;
			sourceTree = "<group>";
		};
		55ECAE151DF8BFC6003EC018 /* Util */ = {
			isa = PBXGroup;
			children = (
				55ECAE161DF8BFDA003EC018 /* Constants.swift */,
			);
			name = Util;
			sourceTree = "<group>";
		};
		9C27AEF2D40528038FBE5086 /* Frameworks */ = {
			isa = PBXGroup;
			children = (
				1F8F24BFA0CD5A7A22AC1E8C /* Pods_Nite_Owl_2_0.framework */,
			);
			name = Frameworks;
			sourceTree = "<group>";
		};
		A89900C11D91908EEB8D3E10 /* Pods */ = {
			isa = PBXGroup;
			children = (
				22EA7BF39E903664DEDFBAC5 /* Pods-Nite-Owl_2.0.debug.xcconfig */,
				B3C6E270A690336E13C0462C /* Pods-Nite-Owl_2.0.release.xcconfig */,
			);
			name = Pods;
			sourceTree = "<group>";
		};
/* End PBXGroup section */

/* Begin PBXNativeTarget section */
		55755EE81DB19451006FCBE8 /* Nite-Owl_2.0 */ = {
			isa = PBXNativeTarget;
			buildConfigurationList = 55755EFE1DB19451006FCBE8 /* Build configuration list for PBXNativeTarget "Nite-Owl_2.0" */;
			buildPhases = (
				633D3A90B78877E692BBCDAC /* [CP] Check Pods Manifest.lock */,
				55755EE51DB19451006FCBE8 /* Sources */,
				55755EE61DB19451006FCBE8 /* Frameworks */,
				55755EE71DB19451006FCBE8 /* Resources */,
				8EA8685D7863EA0519F3B66D /* [CP] Embed Pods Frameworks */,
				715086F9CDE1D023DB01347D /* [CP] Copy Pods Resources */,
			);
			buildRules = (
			);
			dependencies = (
			);
			name = "Nite-Owl_2.0";
			productName = "Nite-Owl_2.0";
			productReference = 55755EE91DB19451006FCBE8 /* Nite-Owl_2.0.app */;
			productType = "com.apple.product-type.application";
		};
/* End PBXNativeTarget section */

/* Begin PBXProject section */
		55755EE11DB19451006FCBE8 /* Project object */ = {
			isa = PBXProject;
			attributes = {
				LastSwiftUpdateCheck = 0800;
				LastUpgradeCheck = 0800;
				ORGANIZATIONNAME = "Jordan Cech";
				TargetAttributes = {
					55755EE81DB19451006FCBE8 = {
						CreatedOnToolsVersion = 8.0;
						DevelopmentTeam = UCEY2ZV2YM;
						ProvisioningStyle = Automatic;
						SystemCapabilities = {
							com.apple.Keychain = {
								enabled = 1;
							};
						};
					};
				};
			};
			buildConfigurationList = 55755EE41DB19451006FCBE8 /* Build configuration list for PBXProject "Nite-Owl_2.0" */;
			compatibilityVersion = "Xcode 3.2";
			developmentRegion = English;
			hasScannedForEncodings = 0;
			knownRegions = (
				en,
				Base,
			);
			mainGroup = 55755EE01DB19451006FCBE8;
			productRefGroup = 55755EEA1DB19451006FCBE8 /* Products */;
			projectDirPath = "";
			projectRoot = "";
			targets = (
				55755EE81DB19451006FCBE8 /* Nite-Owl_2.0 */,
			);
		};
/* End PBXProject section */

/* Begin PBXResourcesBuildPhase section */
		55755EE71DB19451006FCBE8 /* Resources */ = {
			isa = PBXResourcesBuildPhase;
			buildActionMask = 2147483647;
			files = (
				55755EFA1DB19451006FCBE8 /* LaunchScreen.storyboard in Resources */,
				55755EF71DB19451006FCBE8 /* Assets.xcassets in Resources */,
				5549EC601DFB50650073F73F /* GoogleService-Info.plist in Resources */,
				55755EF21DB19451006FCBE8 /* Main.storyboard in Resources */,
			);
			runOnlyForDeploymentPostprocessing = 0;
		};
/* End PBXResourcesBuildPhase section */

/* Begin PBXShellScriptBuildPhase section */
		633D3A90B78877E692BBCDAC /* [CP] Check Pods Manifest.lock */ = {
			isa = PBXShellScriptBuildPhase;
			buildActionMask = 2147483647;
			files = (
			);
			inputPaths = (
			);
			name = "[CP] Check Pods Manifest.lock";
			outputPaths = (
			);
			runOnlyForDeploymentPostprocessing = 0;
			shellPath = /bin/sh;
			shellScript = "diff \"${PODS_ROOT}/../Podfile.lock\" \"${PODS_ROOT}/Manifest.lock\" > /dev/null\nif [ $? != 0 ] ; then\n    # print error to STDERR\n    echo \"error: The sandbox is not in sync with the Podfile.lock. Run 'pod install' or update your CocoaPods installation.\" >&2\n    exit 1\nfi\n";
			showEnvVarsInLog = 0;
		};
		715086F9CDE1D023DB01347D /* [CP] Copy Pods Resources */ = {
			isa = PBXShellScriptBuildPhase;
			buildActionMask = 2147483647;
			files = (
			);
			inputPaths = (
			);
			name = "[CP] Copy Pods Resources";
			outputPaths = (
			);
			runOnlyForDeploymentPostprocessing = 0;
			shellPath = /bin/sh;
			shellScript = "\"${SRCROOT}/Pods/Target Support Files/Pods-Nite-Owl_2.0/Pods-Nite-Owl_2.0-resources.sh\"\n";
			showEnvVarsInLog = 0;
		};
		8EA8685D7863EA0519F3B66D /* [CP] Embed Pods Frameworks */ = {
			isa = PBXShellScriptBuildPhase;
			buildActionMask = 2147483647;
			files = (
			);
			inputPaths = (
			);
			name = "[CP] Embed Pods Frameworks";
			outputPaths = (
			);
			runOnlyForDeploymentPostprocessing = 0;
			shellPath = /bin/sh;
			shellScript = "\"${SRCROOT}/Pods/Target Support Files/Pods-Nite-Owl_2.0/Pods-Nite-Owl_2.0-frameworks.sh\"\n";
			showEnvVarsInLog = 0;
		};
/* End PBXShellScriptBuildPhase section */

/* Begin PBXSourcesBuildPhase section */
		55755EE51DB19451006FCBE8 /* Sources */ = {
			isa = PBXSourcesBuildPhase;
			buildActionMask = 2147483647;
			files = (
				55755EEF1DB19451006FCBE8 /* VenueVC.swift in Sources */,
				556490C31DC1A9D800193459 /* FeedCell.swift in Sources */,
				55ECAE141DF8BF87003EC018 /* FancyView.swift in Sources */,
				554AF7D71DF0FA7B00AA014C /* GFGeoHash.m in Sources */,
				554AF7D91DF0FA7B00AA014C /* GFQuery.m in Sources */,
				555D78F31DF895B700EBFF12 /* SignInVC.swift in Sources */,
				55ECAE1B1DF8C131003EC018 /* RoundBtn.swift in Sources */,
				556490BF1DC19B5800193459 /* MapVC.swift in Sources */,
				55ECAE171DF8BFDA003EC018 /* Constants.swift in Sources */,
				55335CA41E0CA9D500C82127 /* DataService.swift in Sources */,
				55ECAE1D1DF8C1E7003EC018 /* FancyButton.swift in Sources */,
				55755EF51DB19451006FCBE8 /* Nite_Owl_2_0.xcdatamodeld in Sources */,
				55335C9E1E0B319B00C82127 /* CircleView.swift in Sources */,
				554AF7D81DF0FA7B00AA014C /* GFGeoHashQuery.m in Sources */,
				55755EED1DB19451006FCBE8 /* AppDelegate.swift in Sources */,
				554AF7D61DF0FA7B00AA014C /* GFBase32Utils.m in Sources */,
				55E5D1361E133D0100FCA77C /* Post.swift in Sources */,
				55ECAE191DF8C064003EC018 /* FancyField.swift in Sources */,
				554AF7D51DF0FA7B00AA014C /* GeoFire.m in Sources */,
			);
			runOnlyForDeploymentPostprocessing = 0;
		};
/* End PBXSourcesBuildPhase section */

/* Begin PBXVariantGroup section */
		55755EF01DB19451006FCBE8 /* Main.storyboard */ = {
			isa = PBXVariantGroup;
			children = (
				55755EF11DB19451006FCBE8 /* Base */,
			);
			name = Main.storyboard;
			sourceTree = "<group>";
		};
		55755EF81DB19451006FCBE8 /* LaunchScreen.storyboard */ = {
			isa = PBXVariantGroup;
			children = (
				55755EF91DB19451006FCBE8 /* Base */,
			);
			name = LaunchScreen.storyboard;
			sourceTree = "<group>";
		};
/* End PBXVariantGroup section */

/* Begin XCBuildConfiguration section */
		55755EFC1DB19451006FCBE8 /* Debug */ = {
			isa = XCBuildConfiguration;
			buildSettings = {
				ALWAYS_SEARCH_USER_PATHS = NO;
				CLANG_ANALYZER_NONNULL = YES;
				CLANG_CXX_LANGUAGE_STANDARD = "gnu++0x";
				CLANG_CXX_LIBRARY = "libc++";
				CLANG_ENABLE_MODULES = YES;
				CLANG_ENABLE_OBJC_ARC = YES;
				CLANG_WARN_BOOL_CONVERSION = YES;
				CLANG_WARN_CONSTANT_CONVERSION = YES;
				CLANG_WARN_DIRECT_OBJC_ISA_USAGE = YES_ERROR;
				CLANG_WARN_DOCUMENTATION_COMMENTS = YES;
				CLANG_WARN_EMPTY_BODY = YES;
				CLANG_WARN_ENUM_CONVERSION = YES;
				CLANG_WARN_INFINITE_RECURSION = YES;
				CLANG_WARN_INT_CONVERSION = YES;
				CLANG_WARN_OBJC_ROOT_CLASS = YES_ERROR;
				CLANG_WARN_SUSPICIOUS_MOVES = YES;
				CLANG_WARN_UNREACHABLE_CODE = YES;
				CLANG_WARN__DUPLICATE_METHOD_MATCH = YES;
				"CODE_SIGN_IDENTITY[sdk=iphoneos*]" = "iPhone Developer";
				COPY_PHASE_STRIP = NO;
				DEBUG_INFORMATION_FORMAT = dwarf;
				ENABLE_STRICT_OBJC_MSGSEND = YES;
				ENABLE_TESTABILITY = YES;
				GCC_C_LANGUAGE_STANDARD = gnu99;
				GCC_DYNAMIC_NO_PIC = NO;
				GCC_NO_COMMON_BLOCKS = YES;
				GCC_OPTIMIZATION_LEVEL = 0;
				GCC_PREPROCESSOR_DEFINITIONS = (
					"DEBUG=1",
					"$(inherited)",
				);
				GCC_WARN_64_TO_32_BIT_CONVERSION = YES;
				GCC_WARN_ABOUT_RETURN_TYPE = YES_ERROR;
				GCC_WARN_UNDECLARED_SELECTOR = YES;
				GCC_WARN_UNINITIALIZED_AUTOS = YES_AGGRESSIVE;
				GCC_WARN_UNUSED_FUNCTION = YES;
				GCC_WARN_UNUSED_VARIABLE = YES;
				IPHONEOS_DEPLOYMENT_TARGET = 10.0;
				MTL_ENABLE_DEBUG_INFO = YES;
				ONLY_ACTIVE_ARCH = YES;
				SDKROOT = iphoneos;
				SWIFT_ACTIVE_COMPILATION_CONDITIONS = DEBUG;
				SWIFT_OPTIMIZATION_LEVEL = "-Onone";
			};
			name = Debug;
		};
		55755EFD1DB19451006FCBE8 /* Release */ = {
			isa = XCBuildConfiguration;
			buildSettings = {
				ALWAYS_SEARCH_USER_PATHS = NO;
				CLANG_ANALYZER_NONNULL = YES;
				CLANG_CXX_LANGUAGE_STANDARD = "gnu++0x";
				CLANG_CXX_LIBRARY = "libc++";
				CLANG_ENABLE_MODULES = YES;
				CLANG_ENABLE_OBJC_ARC = YES;
				CLANG_WARN_BOOL_CONVERSION = YES;
				CLANG_WARN_CONSTANT_CONVERSION = YES;
				CLANG_WARN_DIRECT_OBJC_ISA_USAGE = YES_ERROR;
				CLANG_WARN_DOCUMENTATION_COMMENTS = YES;
				CLANG_WARN_EMPTY_BODY = YES;
				CLANG_WARN_ENUM_CONVERSION = YES;
				CLANG_WARN_INFINITE_RECURSION = YES;
				CLANG_WARN_INT_CONVERSION = YES;
				CLANG_WARN_OBJC_ROOT_CLASS = YES_ERROR;
				CLANG_WARN_SUSPICIOUS_MOVES = YES;
				CLANG_WARN_UNREACHABLE_CODE = YES;
				CLANG_WARN__DUPLICATE_METHOD_MATCH = YES;
				"CODE_SIGN_IDENTITY[sdk=iphoneos*]" = "iPhone Developer";
				COPY_PHASE_STRIP = NO;
				DEBUG_INFORMATION_FORMAT = "dwarf-with-dsym";
				ENABLE_NS_ASSERTIONS = NO;
				ENABLE_STRICT_OBJC_MSGSEND = YES;
				GCC_C_LANGUAGE_STANDARD = gnu99;
				GCC_NO_COMMON_BLOCKS = YES;
				GCC_WARN_64_TO_32_BIT_CONVERSION = YES;
				GCC_WARN_ABOUT_RETURN_TYPE = YES_ERROR;
				GCC_WARN_UNDECLARED_SELECTOR = YES;
				GCC_WARN_UNINITIALIZED_AUTOS = YES_AGGRESSIVE;
				GCC_WARN_UNUSED_FUNCTION = YES;
				GCC_WARN_UNUSED_VARIABLE = YES;
				IPHONEOS_DEPLOYMENT_TARGET = 10.0;
				MTL_ENABLE_DEBUG_INFO = NO;
				SDKROOT = iphoneos;
				SWIFT_OPTIMIZATION_LEVEL = "-Owholemodule";
				VALIDATE_PRODUCT = YES;
			};
			name = Release;
		};
		55755EFF1DB19451006FCBE8 /* Debug */ = {
			isa = XCBuildConfiguration;
			baseConfigurationReference = 22EA7BF39E903664DEDFBAC5 /* Pods-Nite-Owl_2.0.debug.xcconfig */;
			buildSettings = {
				ASSETCATALOG_COMPILER_APPICON_NAME = AppIcon;
				CODE_SIGN_ENTITLEMENTS = "Nite-Owl_2.0/Nite-Owl_2.0.entitlements";
				DEVELOPMENT_TEAM = UCEY2ZV2YM;
				INFOPLIST_FILE = "Nite-Owl_2.0/Info.plist";
				LD_RUNPATH_SEARCH_PATHS = "$(inherited) @executable_path/Frameworks";
				PRODUCT_BUNDLE_IDENTIFIER = com.strana.niteowl;
				PRODUCT_NAME = "$(TARGET_NAME)";
				SWIFT_OBJC_BRIDGING_HEADER = "Nite-Owl_2.0/NiteOwl-Bridging-Header.h";
				SWIFT_VERSION = 3.0;
				TARGETED_DEVICE_FAMILY = "1,2";
			};
			name = Debug;
		};
		55755F001DB19451006FCBE8 /* Release */ = {
			isa = XCBuildConfiguration;
			baseConfigurationReference = B3C6E270A690336E13C0462C /* Pods-Nite-Owl_2.0.release.xcconfig */;
			buildSettings = {
				ASSETCATALOG_COMPILER_APPICON_NAME = AppIcon;
				CODE_SIGN_ENTITLEMENTS = "Nite-Owl_2.0/Nite-Owl_2.0.entitlements";
				DEVELOPMENT_TEAM = UCEY2ZV2YM;
				INFOPLIST_FILE = "Nite-Owl_2.0/Info.plist";
				LD_RUNPATH_SEARCH_PATHS = "$(inherited) @executable_path/Frameworks";
				PRODUCT_BUNDLE_IDENTIFIER = com.strana.niteowl;
				PRODUCT_NAME = "$(TARGET_NAME)";
				SWIFT_OBJC_BRIDGING_HEADER = "Nite-Owl_2.0/NiteOwl-Bridging-Header.h";
				SWIFT_VERSION = 3.0;
				TARGETED_DEVICE_FAMILY = "1,2";
			};
			name = Release;
		};
/* End XCBuildConfiguration section */

/* Begin XCConfigurationList section */
		55755EE41DB19451006FCBE8 /* Build configuration list for PBXProject "Nite-Owl_2.0" */ = {
			isa = XCConfigurationList;
			buildConfigurations = (
				55755EFC1DB19451006FCBE8 /* Debug */,
				55755EFD1DB19451006FCBE8 /* Release */,
			);
			defaultConfigurationIsVisible = 0;
			defaultConfigurationName = Release;
		};
		55755EFE1DB19451006FCBE8 /* Build configuration list for PBXNativeTarget "Nite-Owl_2.0" */ = {
			isa = XCConfigurationList;
			buildConfigurations = (
				55755EFF1DB19451006FCBE8 /* Debug */,
				55755F001DB19451006FCBE8 /* Release */,
			);
			defaultConfigurationIsVisible = 0;
			defaultConfigurationName = Release;
		};
/* End XCConfigurationList section */

/* Begin XCVersionGroup section */
		55755EF31DB19451006FCBE8 /* Nite_Owl_2_0.xcdatamodeld */ = {
			isa = XCVersionGroup;
			children = (
				55755EF41DB19451006FCBE8 /* Nite_Owl_2_0.xcdatamodel */,
			);
			currentVersion = 55755EF41DB19451006FCBE8 /* Nite_Owl_2_0.xcdatamodel */;
			path = Nite_Owl_2_0.xcdatamodeld;
			sourceTree = "<group>";
			versionGroupType = wrapper.xcdatamodel;
		};
/* End XCVersionGroup section */
	};
	rootObject = 55755EE11DB19451006FCBE8 /* Project object */;
}
