// !$*UTF8*$!
{
	archiveVersion = 1;
	classes = {
	};
	objectVersion = 46;
	objects = {

/* Begin PBXBuildFile section */
		556490BF1DC19B5800193459 /* MapVC.swift in Sources */ = {isa = PBXBuildFile; fileRef = 556490BE1DC19B5800193459 /* MapVC.swift */; };
		556490C31DC1A9D800193459 /* FeedCell.swift in Sources */ = {isa = PBXBuildFile; fileRef = 556490C21DC1A9D800193459 /* FeedCell.swift */; };
		55755EED1DB19451006FCBE8 /* AppDelegate.swift in Sources */ = {isa = PBXBuildFile; fileRef = 55755EEC1DB19451006FCBE8 /* AppDelegate.swift */; };
		55755EEF1DB19451006FCBE8 /* VenueVC.swift in Sources */ = {isa = PBXBuildFile; fileRef = 55755EEE1DB19451006FCBE8 /* VenueVC.swift */; };
		55755EF21DB19451006FCBE8 /* Main.storyboard in Resources */ = {isa = PBXBuildFile; fileRef = 55755EF01DB19451006FCBE8 /* Main.storyboard */; };
		55755EF51DB19451006FCBE8 /* Nite_Owl_2_0.xcdatamodeld in Sources */ = {isa = PBXBuildFile; fileRef = 55755EF31DB19451006FCBE8 /* Nite_Owl_2_0.xcdatamodeld */; };
		55755EF71DB19451006FCBE8 /* Assets.xcassets in Resources */ = {isa = PBXBuildFile; fileRef = 55755EF61DB19451006FCBE8 /* Assets.xcassets */; };
		55755EFA1DB19451006FCBE8 /* LaunchScreen.storyboard in Resources */ = {isa = PBXBuildFile; fileRef = 55755EF81DB19451006FCBE8 /* LaunchScreen.storyboard */; };
/* End PBXBuildFile section */

/* Begin PBXFileReference section */
		556490BE1DC19B5800193459 /* MapVC.swift */ = {isa = PBXFileReference; fileEncoding = 4; lastKnownFileType = sourcecode.swift; path = MapVC.swift; sourceTree = "<group>"; };
		556490C21DC1A9D800193459 /* FeedCell.swift */ = {isa = PBXFileReference; fileEncoding = 4; lastKnownFileType = sourcecode.swift; path = FeedCell.swift; sourceTree = "<group>"; };
		55755EE91DB19451006FCBE8 /* Nite-Owl_2.0.app */ = {isa = PBXFileReference; explicitFileType = wrapper.application; includeInIndex = 0; path = "Nite-Owl_2.0.app"; sourceTree = BUILT_PRODUCTS_DIR; };
		55755EEC1DB19451006FCBE8 /* AppDelegate.swift */ = {isa = PBXFileReference; lastKnownFileType = sourcecode.swift; path = AppDelegate.swift; sourceTree = "<group>"; };
		55755EEE1DB19451006FCBE8 /* VenueVC.swift */ = {isa = PBXFileReference; lastKnownFileType = sourcecode.swift; path = VenueVC.swift; sourceTree = "<group>"; };
		55755EF11DB19451006FCBE8 /* Base */ = {isa = PBXFileReference; lastKnownFileType = file.storyboard; name = Base; path = Base.lproj/Main.storyboard; sourceTree = "<group>"; };
		55755EF41DB19451006FCBE8 /* Nite_Owl_2_0.xcdatamodel */ = {isa = PBXFileReference; lastKnownFileType = wrapper.xcdatamodel; path = Nite_Owl_2_0.xcdatamodel; sourceTree = "<group>"; };
		55755EF61DB19451006FCBE8 /* Assets.xcassets */ = {isa = PBXFileReference; lastKnownFileType = folder.assetcatalog; path = Assets.xcassets; sourceTree = "<group>"; };
		55755EF91DB19451006FCBE8 /* Base */ = {isa = PBXFileReference; lastKnownFileType = file.storyboard; name = Base; path = Base.lproj/LaunchScreen.storyboard; sourceTree = "<group>"; };
		55755EFB1DB19451006FCBE8 /* Info.plist */ = {isa = PBXFileReference; lastKnownFileType = text.plist.xml; path = Info.plist; sourceTree = "<group>"; };
/* End PBXFileReference section */

/* Begin PBXFrameworksBuildPhase section */
		55755EE61DB19451006FCBE8 /* Frameworks */ = {
			isa = PBXFrameworksBuildPhase;
			buildActionMask = 2147483647;
			files = (
			);
			runOnlyForDeploymentPostprocessing = 0;
		};
/* End PBXFrameworksBuildPhase section */

/* Begin PBXGroup section */
		55755EE01DB19451006FCBE8 = {
			isa = PBXGroup;
			children = (
				55755EEB1DB19451006FCBE8 /* Nite-Owl_2.0 */,
				55755EEA1DB19451006FCBE8 /* Products */,
			);
			sourceTree = "<group>";
		};
		55755EEA1DB19451006FCBE8 /* Products */ = {
			isa = PBXGroup;
			children = (
				55755EE91DB19451006FCBE8 /* Nite-Owl_2.0.app */,
			);
			name = Products;
			sourceTree = "<group>";
		};
		55755EEB1DB19451006FCBE8 /* Nite-Owl_2.0 */ = {
			isa = PBXGroup;
			children = (
				55D7A4C31DB5526700EA1384 /* Controller */,
				55D7A4C21DB5526400EA1384 /* View */,
				55D7A4C11DB5525E00EA1384 /* Model */,
				55755EEC1DB19451006FCBE8 /* AppDelegate.swift */,
				55755EF01DB19451006FCBE8 /* Main.storyboard */,
				55755EF61DB19451006FCBE8 /* Assets.xcassets */,
				55755EF81DB19451006FCBE8 /* LaunchScreen.storyboard */,
				55755EFB1DB19451006FCBE8 /* Info.plist */,
				55755EF31DB19451006FCBE8 /* Nite_Owl_2_0.xcdatamodeld */,
			);
			path = "Nite-Owl_2.0";
			sourceTree = "<group>";
		};
		55D7A4C11DB5525E00EA1384 /* Model */ = {
			isa = PBXGroup;
			children = (
			);
			name = Model;
			sourceTree = "<group>";
		};
		55D7A4C21DB5526400EA1384 /* View */ = {
			isa = PBXGroup;
			children = (
				556490C21DC1A9D800193459 /* FeedCell.swift */,
			);
			name = View;
			sourceTree = "<group>";
		};
		55D7A4C31DB5526700EA1384 /* Controller */ = {
			isa = PBXGroup;
			children = (
				55755EEE1DB19451006FCBE8 /* VenueVC.swift */,
				556490BE1DC19B5800193459 /* MapVC.swift */,
			);
			name = Controller;
			sourceTree = "<group>";
		};
/* End PBXGroup section */

/* Begin PBXNativeTarget section */
		55755EE81DB19451006FCBE8 /* Nite-Owl_2.0 */ = {
			isa = PBXNativeTarget;
			buildConfigurationList = 55755EFE1DB19451006FCBE8 /* Build configuration list for PBXNativeTarget "Nite-Owl_2.0" */;
			buildPhases = (
				55755EE51DB19451006FCBE8 /* Sources */,
				55755EE61DB19451006FCBE8 /* Frameworks */,
				55755EE71DB19451006FCBE8 /* Resources */,
			);
			buildRules = (
			);
			dependencies = (
			);
			name = "Nite-Owl_2.0";
			productName = "Nite-Owl_2.0";
			productReference = 55755EE91DB19451006FCBE8 /* Nite-Owl_2.0.app */;
			productType = "com.apple.product-type.application";
		};
/* End PBXNativeTarget section */

/* Begin PBXProject section */
		55755EE11DB19451006FCBE8 /* Project object */ = {
			isa = PBXProject;
			attributes = {
				LastSwiftUpdateCheck = 0800;
				LastUpgradeCheck = 0800;
				ORGANIZATIONNAME = "Jordan Cech";
				TargetAttributes = {
					55755EE81DB19451006FCBE8 = {
						CreatedOnToolsVersion = 8.0;
						DevelopmentTeam = UCEY2ZV2YM;
						ProvisioningStyle = Automatic;
					};
				};
			};
			buildConfigurationList = 55755EE41DB19451006FCBE8 /* Build configuration list for PBXProject "Nite-Owl_2.0" */;
			compatibilityVersion = "Xcode 3.2";
			developmentRegion = English;
			hasScannedForEncodings = 0;
			knownRegions = (
				en,
				Base,
			);
			mainGroup = 55755EE01DB19451006FCBE8;
			productRefGroup = 55755EEA1DB19451006FCBE8 /* Products */;
			projectDirPath = "";
			projectRoot = "";
			targets = (
				55755EE81DB19451006FCBE8 /* Nite-Owl_2.0 */,
			);
		};
/* End PBXProject section */

/* Begin PBXResourcesBuildPhase section */
		55755EE71DB19451006FCBE8 /* Resources */ = {
			isa = PBXResourcesBuildPhase;
			buildActionMask = 2147483647;
			files = (
				55755EFA1DB19451006FCBE8 /* LaunchScreen.storyboard in Resources */,
				55755EF71DB19451006FCBE8 /* Assets.xcassets in Resources */,
				55755EF21DB19451006FCBE8 /* Main.storyboard in Resources */,
			);
			runOnlyForDeploymentPostprocessing = 0;
		};
/* End PBXResourcesBuildPhase section */

/* Begin PBXSourcesBuildPhase section */
		55755EE51DB19451006FCBE8 /* Sources */ = {
			isa = PBXSourcesBuildPhase;
			buildActionMask = 2147483647;
			files = (
				55755EEF1DB19451006FCBE8 /* VenueVC.swift in Sources */,
				556490C31DC1A9D800193459 /* FeedCell.swift in Sources */,
				556490BF1DC19B5800193459 /* MapVC.swift in Sources */,
				55755EF51DB19451006FCBE8 /* Nite_Owl_2_0.xcdatamodeld in Sources */,
				55755EED1DB19451006FCBE8 /* AppDelegate.swift in Sources */,
			);
			runOnlyForDeploymentPostprocessing = 0;
		};
/* End PBXSourcesBuildPhase section */

/* Begin PBXVariantGroup section */
		55755EF01DB19451006FCBE8 /* Main.storyboard */ = {
			isa = PBXVariantGroup;
			children = (
				55755EF11DB19451006FCBE8 /* Base */,
			);
			name = Main.storyboard;
			sourceTree = "<group>";
		};
		55755EF81DB19451006FCBE8 /* LaunchScreen.storyboard */ = {
			isa = PBXVariantGroup;
			children = (
				55755EF91DB19451006FCBE8 /* Base */,
			);
			name = LaunchScreen.storyboard;
			sourceTree = "<group>";
		};
/* End PBXVariantGroup section */

/* Begin XCBuildConfiguration section */
		55755EFC1DB19451006FCBE8 /* Debug */ = {
			isa = XCBuildConfiguration;
			buildSettings = {
				ALWAYS_SEARCH_USER_PATHS = NO;
				CLANG_ANALYZER_NONNULL = YES;
				CLANG_CXX_LANGUAGE_STANDARD = "gnu++0x";
				CLANG_CXX_LIBRARY = "libc++";
				CLANG_ENABLE_MODULES = YES;
				CLANG_ENABLE_OBJC_ARC = YES;
				CLANG_WARN_BOOL_CONVERSION = YES;
				CLANG_WARN_CONSTANT_CONVERSION = YES;
				CLANG_WARN_DIRECT_OBJC_ISA_USAGE = YES_ERROR;
				CLANG_WARN_DOCUMENTATION_COMMENTS = YES;
				CLANG_WARN_EMPTY_BODY = YES;
				CLANG_WARN_ENUM_CONVERSION = YES;
				CLANG_WARN_INFINITE_RECURSION = YES;
				CLANG_WARN_INT_CONVERSION = YES;
				CLANG_WARN_OBJC_ROOT_CLASS = YES_ERROR;
				CLANG_WARN_SUSPICIOUS_MOVES = YES;
				CLANG_WARN_UNREACHABLE_CODE = YES;
				CLANG_WARN__DUPLICATE_METHOD_MATCH = YES;
				"CODE_SIGN_IDENTITY[sdk=iphoneos*]" = "iPhone Developer";
				COPY_PHASE_STRIP = NO;
				DEBUG_INFORMATION_FORMAT = dwarf;
				ENABLE_STRICT_OBJC_MSGSEND = YES;
				ENABLE_TESTABILITY = YES;
				GCC_C_LANGUAGE_STANDARD = gnu99;
				GCC_DYNAMIC_NO_PIC = NO;
				GCC_NO_COMMON_BLOCKS = YES;
				GCC_OPTIMIZATION_LEVEL = 0;
				GCC_PREPROCESSOR_DEFINITIONS = (
					"DEBUG=1",
					"$(inherited)",
				);
				GCC_WARN_64_TO_32_BIT_CONVERSION = YES;
				GCC_WARN_ABOUT_RETURN_TYPE = YES_ERROR;
				GCC_WARN_UNDECLARED_SELECTOR = YES;
				GCC_WARN_UNINITIALIZED_AUTOS = YES_AGGRESSIVE;
				GCC_WARN_UNUSED_FUNCTION = YES;
				GCC_WARN_UNUSED_VARIABLE = YES;
				IPHONEOS_DEPLOYMENT_TARGET = 10.0;
				MTL_ENABLE_DEBUG_INFO = YES;
				ONLY_ACTIVE_ARCH = YES;
				SDKROOT = iphoneos;
				SWIFT_ACTIVE_COMPILATION_CONDITIONS = DEBUG;
				SWIFT_OPTIMIZATION_LEVEL = "-Onone";
			};
			name = Debug;
		};
		55755EFD1DB19451006FCBE8 /* Release */ = {
			isa = XCBuildConfiguration;
			buildSettings = {
				ALWAYS_SEARCH_USER_PATHS = NO;
				CLANG_ANALYZER_NONNULL = YES;
				CLANG_CXX_LANGUAGE_STANDARD = "gnu++0x";
				CLANG_CXX_LIBRARY = "libc++";
				CLANG_ENABLE_MODULES = YES;
				CLANG_ENABLE_OBJC_ARC = YES;
				CLANG_WARN_BOOL_CONVERSION = YES;
				CLANG_WARN_CONSTANT_CONVERSION = YES;
				CLANG_WARN_DIRECT_OBJC_ISA_USAGE = YES_ERROR;
				CLANG_WARN_DOCUMENTATION_COMMENTS = YES;
				CLANG_WARN_EMPTY_BODY = YES;
				CLANG_WARN_ENUM_CONVERSION = YES;
				CLANG_WARN_INFINITE_RECURSION = YES;
				CLANG_WARN_INT_CONVERSION = YES;
				CLANG_WARN_OBJC_ROOT_CLASS = YES_ERROR;
				CLANG_WARN_SUSPICIOUS_MOVES = YES;
				CLANG_WARN_UNREACHABLE_CODE = YES;
				CLANG_WARN__DUPLICATE_METHOD_MATCH = YES;
				"CODE_SIGN_IDENTITY[sdk=iphoneos*]" = "iPhone Developer";
				COPY_PHASE_STRIP = NO;
				DEBUG_INFORMATION_FORMAT = "dwarf-with-dsym";
				ENABLE_NS_ASSERTIONS = NO;
				ENABLE_STRICT_OBJC_MSGSEND = YES;
				GCC_C_LANGUAGE_STANDARD = gnu99;
				GCC_NO_COMMON_BLOCKS = YES;
				GCC_WARN_64_TO_32_BIT_CONVERSION = YES;
				GCC_WARN_ABOUT_RETURN_TYPE = YES_ERROR;
				GCC_WARN_UNDECLARED_SELECTOR = YES;
				GCC_WARN_UNINITIALIZED_AUTOS = YES_AGGRESSIVE;
				GCC_WARN_UNUSED_FUNCTION = YES;
				GCC_WARN_UNUSED_VARIABLE = YES;
				IPHONEOS_DEPLOYMENT_TARGET = 10.0;
				MTL_ENABLE_DEBUG_INFO = NO;
				SDKROOT = iphoneos;
				SWIFT_OPTIMIZATION_LEVEL = "-Owholemodule";
				VALIDATE_PRODUCT = YES;
			};
			name = Release;
		};
		55755EFF1DB19451006FCBE8 /* Debug */ = {
			isa = XCBuildConfiguration;
			buildSettings = {
				ASSETCATALOG_COMPILER_APPICON_NAME = AppIcon;
				DEVELOPMENT_TEAM = UCEY2ZV2YM;
				INFOPLIST_FILE = "Nite-Owl_2.0/Info.plist";
				LD_RUNPATH_SEARCH_PATHS = "$(inherited) @executable_path/Frameworks";
				PRODUCT_BUNDLE_IDENTIFIER = "strana-LLC.Nite-Owl-2-0";
				PRODUCT_NAME = "$(TARGET_NAME)";
				SWIFT_VERSION = 3.0;
			};
			name = Debug;
		};
		55755F001DB19451006FCBE8 /* Release */ = {
			isa = XCBuildConfiguration;
			buildSettings = {
				ASSETCATALOG_COMPILER_APPICON_NAME = AppIcon;
				DEVELOPMENT_TEAM = UCEY2ZV2YM;
				INFOPLIST_FILE = "Nite-Owl_2.0/Info.plist";
				LD_RUNPATH_SEARCH_PATHS = "$(inherited) @executable_path/Frameworks";
				PRODUCT_BUNDLE_IDENTIFIER = "strana-LLC.Nite-Owl-2-0";
				PRODUCT_NAME = "$(TARGET_NAME)";
				SWIFT_VERSION = 3.0;
			};
			name = Release;
		};
/* End XCBuildConfiguration section */

/* Begin XCConfigurationList section */
		55755EE41DB19451006FCBE8 /* Build configuration list for PBXProject "Nite-Owl_2.0" */ = {
			isa = XCConfigurationList;
			buildConfigurations = (
				55755EFC1DB19451006FCBE8 /* Debug */,
				55755EFD1DB19451006FCBE8 /* Release */,
			);
			defaultConfigurationIsVisible = 0;
			defaultConfigurationName = Release;
		};
		55755EFE1DB19451006FCBE8 /* Build configuration list for PBXNativeTarget "Nite-Owl_2.0" */ = {
			isa = XCConfigurationList;
			buildConfigurations = (
				55755EFF1DB19451006FCBE8 /* Debug */,
				55755F001DB19451006FCBE8 /* Release */,
			);
			defaultConfigurationIsVisible = 0;
			defaultConfigurationName = Release;
		};
/* End XCConfigurationList section */

/* Begin XCVersionGroup section */
		55755EF31DB19451006FCBE8 /* Nite_Owl_2_0.xcdatamodeld */ = {
			isa = XCVersionGroup;
			children = (
				55755EF41DB19451006FCBE8 /* Nite_Owl_2_0.xcdatamodel */,
			);
			currentVersion = 55755EF41DB19451006FCBE8 /* Nite_Owl_2_0.xcdatamodel */;
			path = Nite_Owl_2_0.xcdatamodeld;
			sourceTree = "<group>";
			versionGroupType = wrapper.xcdatamodel;
		};
/* End XCVersionGroup section */
	};
	rootObject = 55755EE11DB19451006FCBE8 /* Project object */;
}
